// !$*UTF8*$!
{
	archiveVersion = 1;
	classes = {
	};
	objectVersion = 56;
	objects = {

/* Begin PBXBuildFile section */
		0229B61F2A9B413C0014815E /* TextCellView.swift in Sources */ = {isa = PBXBuildFile; fileRef = 0229B61E2A9B413C0014815E /* TextCellView.swift */; };
		0229B6212A9B44590014815E /* 2.png in Resources */ = {isa = PBXBuildFile; fileRef = 0229B6202A9B44590014815E /* 2.png */; };
		0229B6242A9B4B8E0014815E /* ScrollViewController.swift in Sources */ = {isa = PBXBuildFile; fileRef = 0229B6232A9B4B8E0014815E /* ScrollViewController.swift */; };
		024C63DF2A9AC289007F5895 /* TextCell.swift in Sources */ = {isa = PBXBuildFile; fileRef = 024C63DE2A9AC289007F5895 /* TextCell.swift */; };
		024C63E12A9AC2B0007F5895 /* UIColor+Extenstion.swift in Sources */ = {isa = PBXBuildFile; fileRef = 024C63E02A9AC2B0007F5895 /* UIColor+Extenstion.swift */; };
		024C63E42A9AC3C8007F5895 /* Grid.png in Resources */ = {isa = PBXBuildFile; fileRef = 024C63E32A9AC3C8007F5895 /* Grid.png */; };
		024C63E62A9AC461007F5895 /* TwoColumnViewController.swift in Sources */ = {isa = PBXBuildFile; fileRef = 024C63E52A9AC461007F5895 /* TwoColumnViewController.swift */; };
		024C63E92A9ACCA9007F5895 /* ListCell.swift in Sources */ = {isa = PBXBuildFile; fileRef = 024C63E82A9ACCA9007F5895 /* ListCell.swift */; };
		028C53452A9A604A00302E71 /* AppDelegate.swift in Sources */ = {isa = PBXBuildFile; fileRef = 028C53442A9A604A00302E71 /* AppDelegate.swift */; };
		028C53492A9A604A00302E71 /* ViewController.swift in Sources */ = {isa = PBXBuildFile; fileRef = 028C53482A9A604A00302E71 /* ViewController.swift */; };
		028C534E2A9A604B00302E71 /* Assets.xcassets in Resources */ = {isa = PBXBuildFile; fileRef = 028C534D2A9A604B00302E71 /* Assets.xcassets */; };
		028C53512A9A604B00302E71 /* LaunchScreen.storyboard in Resources */ = {isa = PBXBuildFile; fileRef = 028C534F2A9A604B00302E71 /* LaunchScreen.storyboard */; };
		028C53592A9A626000302E71 /* GridViewController.swift in Sources */ = {isa = PBXBuildFile; fileRef = 028C53582A9A626000302E71 /* GridViewController.swift */; };
/* End PBXBuildFile section */

/* Begin PBXFileReference section */
		0229B61E2A9B413C0014815E /* TextCellView.swift */ = {isa = PBXFileReference; lastKnownFileType = sourcecode.swift; path = TextCellView.swift; sourceTree = "<group>"; };
		0229B6202A9B44590014815E /* 2.png */ = {isa = PBXFileReference; lastKnownFileType = image.png; path = 2.png; sourceTree = "<group>"; };
		0229B6232A9B4B8E0014815E /* ScrollViewController.swift */ = {isa = PBXFileReference; lastKnownFileType = sourcecode.swift; path = ScrollViewController.swift; sourceTree = "<group>"; };
		024C63DE2A9AC289007F5895 /* TextCell.swift */ = {isa = PBXFileReference; lastKnownFileType = sourcecode.swift; path = TextCell.swift; sourceTree = "<group>"; };
		024C63E02A9AC2B0007F5895 /* UIColor+Extenstion.swift */ = {isa = PBXFileReference; lastKnownFileType = sourcecode.swift; path = "UIColor+Extenstion.swift"; sourceTree = "<group>"; };
		024C63E32A9AC3C8007F5895 /* Grid.png */ = {isa = PBXFileReference; lastKnownFileType = image.png; path = Grid.png; sourceTree = "<group>"; };
		024C63E52A9AC461007F5895 /* TwoColumnViewController.swift */ = {isa = PBXFileReference; lastKnownFileType = sourcecode.swift; path = TwoColumnViewController.swift; sourceTree = "<group>"; };
		024C63E82A9ACCA9007F5895 /* ListCell.swift */ = {isa = PBXFileReference; lastKnownFileType = sourcecode.swift; path = ListCell.swift; sourceTree = "<group>"; };
		028C53412A9A604A00302E71 /* ModernCollectionView.app */ = {isa = PBXFileReference; explicitFileType = wrapper.application; includeInIndex = 0; path = ModernCollectionView.app; sourceTree = BUILT_PRODUCTS_DIR; };
		028C53442A9A604A00302E71 /* AppDelegate.swift */ = {isa = PBXFileReference; lastKnownFileType = sourcecode.swift; path = AppDelegate.swift; sourceTree = "<group>"; };
		028C53482A9A604A00302E71 /* ViewController.swift */ = {isa = PBXFileReference; lastKnownFileType = sourcecode.swift; path = ViewController.swift; sourceTree = "<group>"; };
		028C534D2A9A604B00302E71 /* Assets.xcassets */ = {isa = PBXFileReference; lastKnownFileType = folder.assetcatalog; path = Assets.xcassets; sourceTree = "<group>"; };
		028C53502A9A604B00302E71 /* Base */ = {isa = PBXFileReference; lastKnownFileType = file.storyboard; name = Base; path = Base.lproj/LaunchScreen.storyboard; sourceTree = "<group>"; };
		028C53522A9A604B00302E71 /* Info.plist */ = {isa = PBXFileReference; lastKnownFileType = text.plist.xml; path = Info.plist; sourceTree = "<group>"; };
		028C53582A9A626000302E71 /* GridViewController.swift */ = {isa = PBXFileReference; lastKnownFileType = sourcecode.swift; path = GridViewController.swift; sourceTree = "<group>"; };
		028C535A2A9A696500302E71 /* README.md */ = {isa = PBXFileReference; lastKnownFileType = net.daringfireball.markdown; path = README.md; sourceTree = "<group>"; };
/* End PBXFileReference section */

/* Begin PBXFrameworksBuildPhase section */
		028C533E2A9A604A00302E71 /* Frameworks */ = {
			isa = PBXFrameworksBuildPhase;
			buildActionMask = 2147483647;
			files = (
			);
			runOnlyForDeploymentPostprocessing = 0;
		};
/* End PBXFrameworksBuildPhase section */

/* Begin PBXGroup section */
		0229B6222A9B4B6F0014815E /* ScrollView */ = {
			isa = PBXGroup;
			children = (
				0229B6232A9B4B8E0014815E /* ScrollViewController.swift */,
			);
			path = ScrollView;
			sourceTree = "<group>";
		};
		024C63DD2A9AC278007F5895 /* Grid */ = {
			isa = PBXGroup;
			children = (
				028C53582A9A626000302E71 /* GridViewController.swift */,
				024C63DE2A9AC289007F5895 /* TextCell.swift */,
				0229B61E2A9B413C0014815E /* TextCellView.swift */,
			);
			path = Grid;
			sourceTree = "<group>";
		};
		024C63E22A9AC2DB007F5895 /* img */ = {
			isa = PBXGroup;
			children = (
				024C63E32A9AC3C8007F5895 /* Grid.png */,
				0229B6202A9B44590014815E /* 2.png */,
			);
			path = img;
			sourceTree = "<group>";
		};
		024C63E72A9AC466007F5895 /* TwoColumn */ = {
			isa = PBXGroup;
			children = (
				024C63E52A9AC461007F5895 /* TwoColumnViewController.swift */,
				024C63E82A9ACCA9007F5895 /* ListCell.swift */,
			);
			path = TwoColumn;
			sourceTree = "<group>";
		};
		028C53382A9A604A00302E71 = {
			isa = PBXGroup;
			children = (
				028C535A2A9A696500302E71 /* README.md */,
				024C63E22A9AC2DB007F5895 /* img */,
				028C53432A9A604A00302E71 /* ModernCollectionView */,
				028C53422A9A604A00302E71 /* Products */,
			);
			sourceTree = "<group>";
		};
		028C53422A9A604A00302E71 /* Products */ = {
			isa = PBXGroup;
			children = (
				028C53412A9A604A00302E71 /* ModernCollectionView.app */,
			);
			name = Products;
			sourceTree = "<group>";
		};
		028C53432A9A604A00302E71 /* ModernCollectionView */ = {
			isa = PBXGroup;
			children = (
				0229B6222A9B4B6F0014815E /* ScrollView */,
				028C53442A9A604A00302E71 /* AppDelegate.swift */,
				028C53482A9A604A00302E71 /* ViewController.swift */,
				024C63E02A9AC2B0007F5895 /* UIColor+Extenstion.swift */,
				024C63DD2A9AC278007F5895 /* Grid */,
				024C63E72A9AC466007F5895 /* TwoColumn */,
				028C534D2A9A604B00302E71 /* Assets.xcassets */,
				028C534F2A9A604B00302E71 /* LaunchScreen.storyboard */,
				028C53522A9A604B00302E71 /* Info.plist */,
			);
			path = ModernCollectionView;
			sourceTree = "<group>";
		};
/* End PBXGroup section */

/* Begin PBXNativeTarget section */
		028C53402A9A604A00302E71 /* ModernCollectionView */ = {
			isa = PBXNativeTarget;
			buildConfigurationList = 028C53552A9A604B00302E71 /* Build configuration list for PBXNativeTarget "ModernCollectionView" */;
			buildPhases = (
				028C533D2A9A604A00302E71 /* Sources */,
				028C533E2A9A604A00302E71 /* Frameworks */,
				028C533F2A9A604A00302E71 /* Resources */,
			);
			buildRules = (
			);
			dependencies = (
			);
			name = ModernCollectionView;
			productName = ModernCollectionView;
			productReference = 028C53412A9A604A00302E71 /* ModernCollectionView.app */;
			productType = "com.apple.product-type.application";
		};
/* End PBXNativeTarget section */

/* Begin PBXProject section */
		028C53392A9A604A00302E71 /* Project object */ = {
			isa = PBXProject;
			attributes = {
				BuildIndependentTargetsInParallel = 1;
				LastSwiftUpdateCheck = 1430;
				LastUpgradeCheck = 1430;
				TargetAttributes = {
					028C53402A9A604A00302E71 = {
						CreatedOnToolsVersion = 14.3.1;
					};
				};
			};
			buildConfigurationList = 028C533C2A9A604A00302E71 /* Build configuration list for PBXProject "ModernCollectionView" */;
			compatibilityVersion = "Xcode 14.0";
			developmentRegion = en;
			hasScannedForEncodings = 0;
			knownRegions = (
				en,
				Base,
			);
			mainGroup = 028C53382A9A604A00302E71;
			productRefGroup = 028C53422A9A604A00302E71 /* Products */;
			projectDirPath = "";
			projectRoot = "";
			targets = (
				028C53402A9A604A00302E71 /* ModernCollectionView */,
			);
		};
/* End PBXProject section */

/* Begin PBXResourcesBuildPhase section */
		028C533F2A9A604A00302E71 /* Resources */ = {
			isa = PBXResourcesBuildPhase;
			buildActionMask = 2147483647;
			files = (
				024C63E42A9AC3C8007F5895 /* Grid.png in Resources */,
				028C53512A9A604B00302E71 /* LaunchScreen.storyboard in Resources */,
				0229B6212A9B44590014815E /* 2.png in Resources */,
				028C534E2A9A604B00302E71 /* Assets.xcassets in Resources */,
			);
			runOnlyForDeploymentPostprocessing = 0;
		};
/* End PBXResourcesBuildPhase section */

/* Begin PBXSourcesBuildPhase section */
		028C533D2A9A604A00302E71 /* Sources */ = {
			isa = PBXSourcesBuildPhase;
			buildActionMask = 2147483647;
			files = (
				028C53492A9A604A00302E71 /* ViewController.swift in Sources */,
				028C53452A9A604A00302E71 /* AppDelegate.swift in Sources */,
				024C63E12A9AC2B0007F5895 /* UIColor+Extenstion.swift in Sources */,
				024C63E92A9ACCA9007F5895 /* ListCell.swift in Sources */,
				0229B6242A9B4B8E0014815E /* ScrollViewController.swift in Sources */,
				024C63E62A9AC461007F5895 /* TwoColumnViewController.swift in Sources */,
				0229B61F2A9B413C0014815E /* TextCellView.swift in Sources */,
				024C63DF2A9AC289007F5895 /* TextCell.swift in Sources */,
				028C53592A9A626000302E71 /* GridViewController.swift in Sources */,
			);
			runOnlyForDeploymentPostprocessing = 0;
		};
/* End PBXSourcesBuildPhase section */

/* Begin PBXVariantGroup section */
		028C534F2A9A604B00302E71 /* LaunchScreen.storyboard */ = {
			isa = PBXVariantGroup;
			children = (
				028C53502A9A604B00302E71 /* Base */,
			);
			name = LaunchScreen.storyboard;
			sourceTree = "<group>";
		};
/* End PBXVariantGroup section */

/* Begin XCBuildConfiguration section */
		028C53532A9A604B00302E71 /* Debug */ = {
			isa = XCBuildConfiguration;
			buildSettings = {
				ALWAYS_SEARCH_USER_PATHS = NO;
				CLANG_ANALYZER_NONNULL = YES;
				CLANG_ANALYZER_NUMBER_OBJECT_CONVERSION = YES_AGGRESSIVE;
				CLANG_CXX_LANGUAGE_STANDARD = "gnu++20";
				CLANG_ENABLE_MODULES = YES;
				CLANG_ENABLE_OBJC_ARC = YES;
				CLANG_ENABLE_OBJC_WEAK = YES;
				CLANG_WARN_BLOCK_CAPTURE_AUTORELEASING = YES;
				CLANG_WARN_BOOL_CONVERSION = YES;
				CLANG_WARN_COMMA = YES;
				CLANG_WARN_CONSTANT_CONVERSION = YES;
				CLANG_WARN_DEPRECATED_OBJC_IMPLEMENTATIONS = YES;
				CLANG_WARN_DIRECT_OBJC_ISA_USAGE = YES_ERROR;
				CLANG_WARN_DOCUMENTATION_COMMENTS = YES;
				CLANG_WARN_EMPTY_BODY = YES;
				CLANG_WARN_ENUM_CONVERSION = YES;
				CLANG_WARN_INFINITE_RECURSION = YES;
				CLANG_WARN_INT_CONVERSION = YES;
				CLANG_WARN_NON_LITERAL_NULL_CONVERSION = YES;
				CLANG_WARN_OBJC_IMPLICIT_RETAIN_SELF = YES;
				CLANG_WARN_OBJC_LITERAL_CONVERSION = YES;
				CLANG_WARN_OBJC_ROOT_CLASS = YES_ERROR;
				CLANG_WARN_QUOTED_INCLUDE_IN_FRAMEWORK_HEADER = YES;
				CLANG_WARN_RANGE_LOOP_ANALYSIS = YES;
				CLANG_WARN_STRICT_PROTOTYPES = YES;
				CLANG_WARN_SUSPICIOUS_MOVE = YES;
				CLANG_WARN_UNGUARDED_AVAILABILITY = YES_AGGRESSIVE;
				CLANG_WARN_UNREACHABLE_CODE = YES;
				CLANG_WARN__DUPLICATE_METHOD_MATCH = YES;
				COPY_PHASE_STRIP = NO;
				DEBUG_INFORMATION_FORMAT = dwarf;
				ENABLE_STRICT_OBJC_MSGSEND = YES;
				ENABLE_TESTABILITY = YES;
				GCC_C_LANGUAGE_STANDARD = gnu11;
				GCC_DYNAMIC_NO_PIC = NO;
				GCC_NO_COMMON_BLOCKS = YES;
				GCC_OPTIMIZATION_LEVEL = 0;
				GCC_PREPROCESSOR_DEFINITIONS = (
					"DEBUG=1",
					"$(inherited)",
				);
				GCC_WARN_64_TO_32_BIT_CONVERSION = YES;
				GCC_WARN_ABOUT_RETURN_TYPE = YES_ERROR;
				GCC_WARN_UNDECLARED_SELECTOR = YES;
				GCC_WARN_UNINITIALIZED_AUTOS = YES_AGGRESSIVE;
				GCC_WARN_UNUSED_FUNCTION = YES;
				GCC_WARN_UNUSED_VARIABLE = YES;
				IPHONEOS_DEPLOYMENT_TARGET = 16.4;
				MTL_ENABLE_DEBUG_INFO = INCLUDE_SOURCE;
				MTL_FAST_MATH = YES;
				ONLY_ACTIVE_ARCH = YES;
				SDKROOT = iphoneos;
				SWIFT_ACTIVE_COMPILATION_CONDITIONS = DEBUG;
				SWIFT_OPTIMIZATION_LEVEL = "-Onone";
			};
			name = Debug;
		};
		028C53542A9A604B00302E71 /* Release */ = {
			isa = XCBuildConfiguration;
			buildSettings = {
				ALWAYS_SEARCH_USER_PATHS = NO;
				CLANG_ANALYZER_NONNULL = YES;
				CLANG_ANALYZER_NUMBER_OBJECT_CONVERSION = YES_AGGRESSIVE;
				CLANG_CXX_LANGUAGE_STANDARD = "gnu++20";
				CLANG_ENABLE_MODULES = YES;
				CLANG_ENABLE_OBJC_ARC = YES;
				CLANG_ENABLE_OBJC_WEAK = YES;
				CLANG_WARN_BLOCK_CAPTURE_AUTORELEASING = YES;
				CLANG_WARN_BOOL_CONVERSION = YES;
				CLANG_WARN_COMMA = YES;
				CLANG_WARN_CONSTANT_CONVERSION = YES;
				CLANG_WARN_DEPRECATED_OBJC_IMPLEMENTATIONS = YES;
				CLANG_WARN_DIRECT_OBJC_ISA_USAGE = YES_ERROR;
				CLANG_WARN_DOCUMENTATION_COMMENTS = YES;
				CLANG_WARN_EMPTY_BODY = YES;
				CLANG_WARN_ENUM_CONVERSION = YES;
				CLANG_WARN_INFINITE_RECURSION = YES;
				CLANG_WARN_INT_CONVERSION = YES;
				CLANG_WARN_NON_LITERAL_NULL_CONVERSION = YES;
				CLANG_WARN_OBJC_IMPLICIT_RETAIN_SELF = YES;
				CLANG_WARN_OBJC_LITERAL_CONVERSION = YES;
				CLANG_WARN_OBJC_ROOT_CLASS = YES_ERROR;
				CLANG_WARN_QUOTED_INCLUDE_IN_FRAMEWORK_HEADER = YES;
				CLANG_WARN_RANGE_LOOP_ANALYSIS = YES;
				CLANG_WARN_STRICT_PROTOTYPES = YES;
				CLANG_WARN_SUSPICIOUS_MOVE = YES;
				CLANG_WARN_UNGUARDED_AVAILABILITY = YES_AGGRESSIVE;
				CLANG_WARN_UNREACHABLE_CODE = YES;
				CLANG_WARN__DUPLICATE_METHOD_MATCH = YES;
				COPY_PHASE_STRIP = NO;
				DEBUG_INFORMATION_FORMAT = "dwarf-with-dsym";
				ENABLE_NS_ASSERTIONS = NO;
				ENABLE_STRICT_OBJC_MSGSEND = YES;
				GCC_C_LANGUAGE_STANDARD = gnu11;
				GCC_NO_COMMON_BLOCKS = YES;
				GCC_WARN_64_TO_32_BIT_CONVERSION = YES;
				GCC_WARN_ABOUT_RETURN_TYPE = YES_ERROR;
				GCC_WARN_UNDECLARED_SELECTOR = YES;
				GCC_WARN_UNINITIALIZED_AUTOS = YES_AGGRESSIVE;
				GCC_WARN_UNUSED_FUNCTION = YES;
				GCC_WARN_UNUSED_VARIABLE = YES;
				IPHONEOS_DEPLOYMENT_TARGET = 16.4;
				MTL_ENABLE_DEBUG_INFO = NO;
				MTL_FAST_MATH = YES;
				SDKROOT = iphoneos;
				SWIFT_COMPILATION_MODE = wholemodule;
				SWIFT_OPTIMIZATION_LEVEL = "-O";
				VALIDATE_PRODUCT = YES;
			};
			name = Release;
		};
		028C53562A9A604B00302E71 /* Debug */ = {
			isa = XCBuildConfiguration;
			buildSettings = {
				ASSETCATALOG_COMPILER_APPICON_NAME = AppIcon;
				ASSETCATALOG_COMPILER_GLOBAL_ACCENT_COLOR_NAME = AccentColor;
				CODE_SIGN_STYLE = Automatic;
				CURRENT_PROJECT_VERSION = 1;
				DEVELOPMENT_TEAM = 723HTEFHBA;
				GENERATE_INFOPLIST_FILE = YES;
				INFOPLIST_FILE = ModernCollectionView/Info.plist;
				INFOPLIST_KEY_UIApplicationSupportsIndirectInputEvents = YES;
				INFOPLIST_KEY_UILaunchStoryboardName = LaunchScreen;
				INFOPLIST_KEY_UISupportedInterfaceOrientations_iPad = "UIInterfaceOrientationPortrait UIInterfaceOrientationPortraitUpsideDown UIInterfaceOrientationLandscapeLeft UIInterfaceOrientationLandscapeRight";
				INFOPLIST_KEY_UISupportedInterfaceOrientations_iPhone = "UIInterfaceOrientationPortrait UIInterfaceOrientationLandscapeLeft UIInterfaceOrientationLandscapeRight";
				IPHONEOS_DEPLOYMENT_TARGET = 16.0;
				LD_RUNPATH_SEARCH_PATHS = (
					"$(inherited)",
					"@executable_path/Frameworks",
				);
				MARKETING_VERSION = 1.0;
				PRODUCT_BUNDLE_IDENTIFIER = ru.fibeapp.ModernCollectionView;
				PRODUCT_NAME = "$(TARGET_NAME)";
				SWIFT_EMIT_LOC_STRINGS = YES;
				SWIFT_VERSION = 5.0;
				TARGETED_DEVICE_FAMILY = "1,2";
			};
			name = Debug;
		};
		028C53572A9A604B00302E71 /* Release */ = {
			isa = XCBuildConfiguration;
			buildSettings = {
				ASSETCATALOG_COMPILER_APPICON_NAME = AppIcon;
				ASSETCATALOG_COMPILER_GLOBAL_ACCENT_COLOR_NAME = AccentColor;
				CODE_SIGN_STYLE = Automatic;
				CURRENT_PROJECT_VERSION = 1;
				DEVELOPMENT_TEAM = 723HTEFHBA;
				GENERATE_INFOPLIST_FILE = YES;
				INFOPLIST_FILE = ModernCollectionView/Info.plist;
				INFOPLIST_KEY_UIApplicationSupportsIndirectInputEvents = YES;
				INFOPLIST_KEY_UILaunchStoryboardName = LaunchScreen;
				INFOPLIST_KEY_UISupportedInterfaceOrientations_iPad = "UIInterfaceOrientationPortrait UIInterfaceOrientationPortraitUpsideDown UIInterfaceOrientationLandscapeLeft UIInterfaceOrientationLandscapeRight";
				INFOPLIST_KEY_UISupportedInterfaceOrientations_iPhone = "UIInterfaceOrientationPortrait UIInterfaceOrientationLandscapeLeft UIInterfaceOrientationLandscapeRight";
				IPHONEOS_DEPLOYMENT_TARGET = 16.0;
				LD_RUNPATH_SEARCH_PATHS = (
					"$(inherited)",
					"@executable_path/Frameworks",
				);
				MARKETING_VERSION = 1.0;
				PRODUCT_BUNDLE_IDENTIFIER = ru.fibeapp.ModernCollectionView;
				PRODUCT_NAME = "$(TARGET_NAME)";
				SWIFT_EMIT_LOC_STRINGS = YES;
				SWIFT_VERSION = 5.0;
				TARGETED_DEVICE_FAMILY = "1,2";
			};
			name = Release;
		};
/* End XCBuildConfiguration section */

/* Begin XCConfigurationList section */
		028C533C2A9A604A00302E71 /* Build configuration list for PBXProject "ModernCollectionView" */ = {
			isa = XCConfigurationList;
			buildConfigurations = (
				028C53532A9A604B00302E71 /* Debug */,
				028C53542A9A604B00302E71 /* Release */,
			);
			defaultConfigurationIsVisible = 0;
			defaultConfigurationName = Release;
		};
		028C53552A9A604B00302E71 /* Build configuration list for PBXNativeTarget "ModernCollectionView" */ = {
			isa = XCConfigurationList;
			buildConfigurations = (
				028C53562A9A604B00302E71 /* Debug */,
				028C53572A9A604B00302E71 /* Release */,
			);
			defaultConfigurationIsVisible = 0;
			defaultConfigurationName = Release;
		};
/* End XCConfigurationList section */
	};
	rootObject = 028C53392A9A604A00302E71 /* Project object */;
}
